PODS:
  - Alamofire (5.6.1)
  - SnapKit (5.6.0)

DEPENDENCIES:
  - Alamofire
  - SnapKit (~> 5.6.0)

SPEC REPOS:
  trunk:
    - Alamofire
    - SnapKit

SPEC CHECKSUMS:
  Alamofire: 87bd8c952f9a4454320fce00d9cc3de57bcadaf5
  SnapKit: e01d52ebb8ddbc333eefe2132acf85c8227d9c25

PODFILE CHECKSUM: 6f807607bf03fdc9e9fd242787af5cede9ee0d3e

COCOAPODS: 1.11.3
